
Microsoft Visual Studio Solution File, Format Version 12.00
# Visual Studio Version 17
VisualStudioVersion = 17.14.36518.9 d17.14
MinimumVisualStudioVersion = 10.0.40219.1
Project("{FAE04EC0-301F-11D3-BF4B-00C04F79EFBC}") = "FlappyBirdGame", "FlappyBirdGame\FlappyBirdGame.csproj", "{F6C544BC-6E82-4FA7-B7E7-84F9F352B75E}"
EndProject
Global
	GlobalSection(SolutionConfigurationPlatforms) = preSolution
		Debug|Any CPU = Debug|Any CPU
		Release|Any CPU = Release|Any CPU
	EndGlobalSection
	GlobalSection(ProjectConfigurationPlatforms) = postSolution
		{F6C544BC-6E82-4FA7-B7E7-84F9F352B75E}.Debug|Any CPU.ActiveCfg = Debug|Any CPU
		{F6C544BC-6E82-4FA7-B7E7-84F9F352B75E}.Debug|Any CPU.Build.0 = Debug|Any CPU
		{F6C544BC-6E82-4FA7-B7E7-84F9F352B75E}.Release|Any CPU.ActiveCfg = Release|Any CPU
		{F6C544BC-6E82-4FA7-B7E7-84F9F352B75E}.Release|Any CPU.Build.0 = Release|Any CPU
	EndGlobalSection
	GlobalSection(SolutionProperties) = preSolution
		HideSolutionNode = FALSE
	EndGlobalSection
	GlobalSection(ExtensibilityGlobals) = postSolution
		SolutionGuid = {549A0B1B-4062-4F73-B097-1B9E4B1C6899}
	EndGlobalSection
EndGlobal
